
Microsoft Visual Studio Solution File, Format Version 12.00
# Visual Studio 15
VisualStudioVersion = 15.0.27428.1
MinimumVisualStudioVersion = 10.0.40219.1
Project("{FAE04EC0-301F-11D3-BF4B-00C04F79EFBC}") = "AlertInterface", "AlertInterface\AlertInterface.csproj", "{C7A47BC2-DD50-4152-81B6-A6537411C61F}"
EndProject
Global
	GlobalSection(SolutionConfigurationPlatforms) = preSolution
		Debug|Any CPU = Debug|Any CPU
		Release|Any CPU = Release|Any CPU
	EndGlobalSection
	GlobalSection(ProjectConfigurationPlatforms) = postSolution
		{C7A47BC2-DD50-4152-81B6-A6537411C61F}.Debug|Any CPU.ActiveCfg = Debug|Any CPU
		{C7A47BC2-DD50-4152-81B6-A6537411C61F}.Debug|Any CPU.Build.0 = Debug|Any CPU
		{C7A47BC2-DD50-4152-81B6-A6537411C61F}.Release|Any CPU.ActiveCfg = Release|Any CPU
		{C7A47BC2-DD50-4152-81B6-A6537411C61F}.Release|Any CPU.Build.0 = Release|Any CPU
	EndGlobalSection
	GlobalSection(SolutionProperties) = preSolution
		HideSolutionNode = FALSE
	EndGlobalSection
	GlobalSection(ExtensibilityGlobals) = postSolution
		SolutionGuid = {A421F75F-986D-4973-9A0B-F8A9898C2603}
	EndGlobalSection
EndGlobal
